
Microsoft Visual Studio Solution File, Format Version 12.00
# Visual Studio Version 17
VisualStudioVersion = 17.4.33122.133
MinimumVisualStudioVersion = 10.0.40219.1
Project("{2150E333-8FDC-42A3-9474-1A3956D46DE8}") = "Solution Items", "Solution Items", "{90F568F9-B33F-4633-8558-6206B01258C8}"
	ProjectSection(SolutionItems) = preProject
		.gitignore = .gitignore
		LICENSE = LICENSE
		README.md = README.md
	EndProjectSection
EndProject
Project("{9A19103F-16F7-4668-BE54-9A1E7A4F7556}") = "SkipIntroRedux", "SkipIntroRedux\SkipIntroRedux.csproj", "{67C19D08-FBE9-46C9-AA61-ED677063D9AA}"
EndProject
Global
	GlobalSection(SolutionConfigurationPlatforms) = preSolution
		Debug|Any CPU = Debug|Any CPU
		Release|Any CPU = Release|Any CPU
	EndGlobalSection
	GlobalSection(ProjectConfigurationPlatforms) = postSolution
		{67C19D08-FBE9-46C9-AA61-ED677063D9AA}.Debug|Any CPU.ActiveCfg = Debug|Any CPU
		{67C19D08-FBE9-46C9-AA61-ED677063D9AA}.Debug|Any CPU.Build.0 = Debug|Any CPU
		{67C19D08-FBE9-46C9-AA61-ED677063D9AA}.Release|Any CPU.ActiveCfg = Release|Any CPU
		{67C19D08-FBE9-46C9-AA61-ED677063D9AA}.Release|Any CPU.Build.0 = Release|Any CPU
	EndGlobalSection
	GlobalSection(SolutionProperties) = preSolution
		HideSolutionNode = FALSE
	EndGlobalSection
	GlobalSection(ExtensibilityGlobals) = postSolution
		SolutionGuid = {A613C83D-78B7-4A01-95A1-CD5BC5302C01}
	EndGlobalSection
EndGlobal
