
Microsoft Visual Studio Solution File, Format Version 12.00
# Visual Studio Version 16
VisualStudioVersion = 16.0.31005.135
MinimumVisualStudioVersion = 10.0.40219.1
Project("{FAE04EC0-301F-11D3-BF4B-00C04F79EFBC}") = "SkipIntroRedux", "SkipIntroRedux.csproj", "{4A02CC24-0378-4B54-A06F-1ADFAA7FF1E5}"
EndProject
Global
	GlobalSection(SolutionConfigurationPlatforms) = preSolution
		Debug|Any CPU = Debug|Any CPU
		Release|Any CPU = Release|Any CPU
	EndGlobalSection
	GlobalSection(ProjectConfigurationPlatforms) = postSolution
		{4A02CC24-0378-4B54-A06F-1ADFAA7FF1E5}.Debug|Any CPU.ActiveCfg = Debug|Any CPU
		{4A02CC24-0378-4B54-A06F-1ADFAA7FF1E5}.Debug|Any CPU.Build.0 = Debug|Any CPU
		{4A02CC24-0378-4B54-A06F-1ADFAA7FF1E5}.Release|Any CPU.ActiveCfg = Release|Any CPU
		{4A02CC24-0378-4B54-A06F-1ADFAA7FF1E5}.Release|Any CPU.Build.0 = Release|Any CPU
	EndGlobalSection
	GlobalSection(SolutionProperties) = preSolution
		HideSolutionNode = FALSE
	EndGlobalSection
	GlobalSection(ExtensibilityGlobals) = postSolution
		SolutionGuid = {A613C83D-78B7-4A01-95A1-CD5BC5302C01}
	EndGlobalSection
EndGlobal
